// !$*UTF8*$!
{
	archiveVersion = 1;
	classes = {
	};
	objectVersion = 51;
	objects = {

/* Begin PBXBuildFile section */
		503BB7C21F1D21C59AEF6B3A /* Pods_pokedex_app.framework in Frameworks */ = {isa = PBXBuildFile; fileRef = 5817304F629D294AAA81494D /* Pods_pokedex_app.framework */; };
		C74C9E08244D6ADE0056891A /* SkillsTableViewCell.swift in Sources */ = {isa = PBXBuildFile; fileRef = C74C9E06244D6ADE0056891A /* SkillsTableViewCell.swift */; };
		C74C9E09244D6ADE0056891A /* SkillsTableViewCell.xib in Resources */ = {isa = PBXBuildFile; fileRef = C74C9E07244D6ADE0056891A /* SkillsTableViewCell.xib */; };
		C74C9E12244D71BD0056891A /* WeaknessesDetailTableViewCell.xib in Resources */ = {isa = PBXBuildFile; fileRef = C74C9E10244D71BD0056891A /* WeaknessesDetailTableViewCell.xib */; };
		C74C9E15244D74C90056891A /* WeaknessesDetailViewModel.swift in Sources */ = {isa = PBXBuildFile; fileRef = C74C9E14244D74C90056891A /* WeaknessesDetailViewModel.swift */; };
		C74CE584244E0B5600C2BF3A /* SkillsCellViewModel.swift in Sources */ = {isa = PBXBuildFile; fileRef = C74CE583244E0B5600C2BF3A /* SkillsCellViewModel.swift */; };
		C74CE586244E0BF500C2BF3A /* BaseCellViewModel.swift in Sources */ = {isa = PBXBuildFile; fileRef = C74CE585244E0BF500C2BF3A /* BaseCellViewModel.swift */; };
		C74CE58A244E1F1000C2BF3A /* WeaknessesDetailTableViewCell.swift in Sources */ = {isa = PBXBuildFile; fileRef = C74CE589244E1F1000C2BF3A /* WeaknessesDetailTableViewCell.swift */; };
		C74CE58E244E356F00C2BF3A /* EvolutionTableViewCell.swift in Sources */ = {isa = PBXBuildFile; fileRef = C74CE58C244E356F00C2BF3A /* EvolutionTableViewCell.swift */; };
		C74CE58F244E356F00C2BF3A /* EvolutionTableViewCell.xib in Resources */ = {isa = PBXBuildFile; fileRef = C74CE58D244E356F00C2BF3A /* EvolutionTableViewCell.xib */; };
		C74CE591244E4E9D00C2BF3A /* EvolutionCellViewModel.swift in Sources */ = {isa = PBXBuildFile; fileRef = C74CE590244E4E9D00C2BF3A /* EvolutionCellViewModel.swift */; };
		C74CE594244E639400C2BF3A /* ApiEvolutionPokemon.swift in Sources */ = {isa = PBXBuildFile; fileRef = C74CE593244E639400C2BF3A /* ApiEvolutionPokemon.swift */; };
		C74CE596244EBABC00C2BF3A /* ApiPokemonSpecies.swift in Sources */ = {isa = PBXBuildFile; fileRef = C74CE595244EBABC00C2BF3A /* ApiPokemonSpecies.swift */; };
		C74D1DD0244ABDCE008A5181 /* AppDelegate.swift in Sources */ = {isa = PBXBuildFile; fileRef = C74D1DCF244ABDCE008A5181 /* AppDelegate.swift */; };
		C74D1DD2244ABDCE008A5181 /* SceneDelegate.swift in Sources */ = {isa = PBXBuildFile; fileRef = C74D1DD1244ABDCE008A5181 /* SceneDelegate.swift */; };
		C74D1DD4244ABDCE008A5181 /* ViewController.swift in Sources */ = {isa = PBXBuildFile; fileRef = C74D1DD3244ABDCE008A5181 /* ViewController.swift */; };
		C74D1DDC244ABDCF008A5181 /* LaunchScreen.storyboard in Resources */ = {isa = PBXBuildFile; fileRef = C74D1DDA244ABDCF008A5181 /* LaunchScreen.storyboard */; };
		C74D1DE6244ACA7B008A5181 /* PokemonManager.swift in Sources */ = {isa = PBXBuildFile; fileRef = C74D1DE5244ACA7B008A5181 /* PokemonManager.swift */; };
		C74D1DEA244ACCA9008A5181 /* ApiGenericList.swift in Sources */ = {isa = PBXBuildFile; fileRef = C74D1DE9244ACCA9008A5181 /* ApiGenericList.swift */; };
		C74D1DED244ACDF0008A5181 /* GeneralConstants.swift in Sources */ = {isa = PBXBuildFile; fileRef = C74D1DEC244ACDF0008A5181 /* GeneralConstants.swift */; };
		C750327A244FECC7000460A0 /* MoveDetailTableViewCell.xib in Resources */ = {isa = PBXBuildFile; fileRef = C7503278244FECC7000460A0 /* MoveDetailTableViewCell.xib */; };
		C750327C244FEE69000460A0 /* MoveDetailTableViewCell.swift in Sources */ = {isa = PBXBuildFile; fileRef = C750327B244FEE69000460A0 /* MoveDetailTableViewCell.swift */; };
		C750327E244FF478000460A0 /* MoveDetailCellViewModel.swift in Sources */ = {isa = PBXBuildFile; fileRef = C750327D244FF478000460A0 /* MoveDetailCellViewModel.swift */; };
		C7503280244FF9D8000460A0 /* ApiPokemonDetail.swift in Sources */ = {isa = PBXBuildFile; fileRef = C750327F244FF9D8000460A0 /* ApiPokemonDetail.swift */; };
		C7503282244FFE85000460A0 /* ApiMoveDetail.swift in Sources */ = {isa = PBXBuildFile; fileRef = C7503281244FFE85000460A0 /* ApiMoveDetail.swift */; };
		C750D740244B47A400815FD0 /* PokError.swift in Sources */ = {isa = PBXBuildFile; fileRef = C750D73F244B47A400815FD0 /* PokError.swift */; };
		C750D746244B52D100815FD0 /* Assets.xcassets in Resources */ = {isa = PBXBuildFile; fileRef = C750D745244B52D100815FD0 /* Assets.xcassets */; };
		C750D74C244B55E900815FD0 /* Utilities.swift in Sources */ = {isa = PBXBuildFile; fileRef = C750D74B244B55E900815FD0 /* Utilities.swift */; };
		C750D750244B595000815FD0 /* PokemonTableViewCell.swift in Sources */ = {isa = PBXBuildFile; fileRef = C750D74E244B595000815FD0 /* PokemonTableViewCell.swift */; };
		C750D751244B595000815FD0 /* PokemonTableViewCell.xib in Resources */ = {isa = PBXBuildFile; fileRef = C750D74F244B595000815FD0 /* PokemonTableViewCell.xib */; };
		C750D757244B5D4A00815FD0 /* BaseCollectionViewCell.swift in Sources */ = {isa = PBXBuildFile; fileRef = C750D756244B5D4A00815FD0 /* BaseCollectionViewCell.swift */; };
		C750D759244B5DA700815FD0 /* BaseTableViewCell.swift in Sources */ = {isa = PBXBuildFile; fileRef = C750D758244B5DA700815FD0 /* BaseTableViewCell.swift */; };
		C750D75E244B5E5100815FD0 /* PokemonListViewController.swift in Sources */ = {isa = PBXBuildFile; fileRef = C750D75C244B5E5100815FD0 /* PokemonListViewController.swift */; };
		C750D75F244B5E5100815FD0 /* PokemonListViewController.xib in Resources */ = {isa = PBXBuildFile; fileRef = C750D75D244B5E5100815FD0 /* PokemonListViewController.xib */; };
		C750D761244B5F4600815FD0 /* PokemonListViewModel.swift in Sources */ = {isa = PBXBuildFile; fileRef = C750D760244B5F4600815FD0 /* PokemonListViewModel.swift */; };
		C750D764244B615300815FD0 /* BaseViewController.swift in Sources */ = {isa = PBXBuildFile; fileRef = C750D763244B615300815FD0 /* BaseViewController.swift */; };
		C750D78D244B952300815FD0 /* AvenirLTStd-Medium.otf in Resources */ = {isa = PBXBuildFile; fileRef = C750D78A244B952300815FD0 /* AvenirLTStd-Medium.otf */; };
		C750D78E244B952300815FD0 /* AvenirLTStd-Book.otf in Resources */ = {isa = PBXBuildFile; fileRef = C750D78B244B952300815FD0 /* AvenirLTStd-Book.otf */; };
		C750D78F244B952300815FD0 /* AvenirLTStd-Roman.otf in Resources */ = {isa = PBXBuildFile; fileRef = C750D78C244B952300815FD0 /* AvenirLTStd-Roman.otf */; };
		C750D792244B9EB700815FD0 /* CollectionsExtension.swift in Sources */ = {isa = PBXBuildFile; fileRef = C750D791244B9EB700815FD0 /* CollectionsExtension.swift */; };
		C750D794244BD2CB00815FD0 /* ApiPokemonType.swift in Sources */ = {isa = PBXBuildFile; fileRef = C750D793244BD2CB00815FD0 /* ApiPokemonType.swift */; };
		C750D798244CA7C500815FD0 /* WeaknessesPopOverViewController.swift in Sources */ = {isa = PBXBuildFile; fileRef = C750D796244CA7C500815FD0 /* WeaknessesPopOverViewController.swift */; };
		C750D799244CA7C500815FD0 /* WeaknessesPopOverViewController.xib in Resources */ = {isa = PBXBuildFile; fileRef = C750D797244CA7C500815FD0 /* WeaknessesPopOverViewController.xib */; };
		C750D79C244CA81F00815FD0 /*  WeaknessesPopOverViewModel.swift in Sources */ = {isa = PBXBuildFile; fileRef = C750D79B244CA81F00815FD0 /*  WeaknessesPopOverViewModel.swift */; };
		C750D7A1244CF5B700815FD0 /* WeaknessesCollectionViewCell.swift in Sources */ = {isa = PBXBuildFile; fileRef = C750D79F244CF5B700815FD0 /* WeaknessesCollectionViewCell.swift */; };
		C750D7A2244CF5B700815FD0 /* WeaknessesCollectionViewCell.xib in Resources */ = {isa = PBXBuildFile; fileRef = C750D7A0244CF5B700815FD0 /* WeaknessesCollectionViewCell.xib */; };
		C750D7A8244D0C7400815FD0 /* PokemonDetailViewController.swift in Sources */ = {isa = PBXBuildFile; fileRef = C750D7A6244D0C7400815FD0 /* PokemonDetailViewController.swift */; };
		C750D7A9244D0C7400815FD0 /* PokemonDetailViewController.xib in Resources */ = {isa = PBXBuildFile; fileRef = C750D7A7244D0C7400815FD0 /* PokemonDetailViewController.xib */; };
		C750D7AC244D0CAD00815FD0 /* PokemonDetailViewModel.swift in Sources */ = {isa = PBXBuildFile; fileRef = C750D7AB244D0CAD00815FD0 /* PokemonDetailViewModel.swift */; };
/* End PBXBuildFile section */

/* Begin PBXFileReference section */
		46BC007539AEAE2ABA140C0E /* Pods-pokedex-app.debug.xcconfig */ = {isa = PBXFileReference; includeInIndex = 1; lastKnownFileType = text.xcconfig; name = "Pods-pokedex-app.debug.xcconfig"; path = "Target Support Files/Pods-pokedex-app/Pods-pokedex-app.debug.xcconfig"; sourceTree = "<group>"; };
		5817304F629D294AAA81494D /* Pods_pokedex_app.framework */ = {isa = PBXFileReference; explicitFileType = wrapper.framework; includeInIndex = 0; path = Pods_pokedex_app.framework; sourceTree = BUILT_PRODUCTS_DIR; };
		BD60CECA45251DBAE146A16A /* Pods-pokedex-app.release.xcconfig */ = {isa = PBXFileReference; includeInIndex = 1; lastKnownFileType = text.xcconfig; name = "Pods-pokedex-app.release.xcconfig"; path = "Target Support Files/Pods-pokedex-app/Pods-pokedex-app.release.xcconfig"; sourceTree = "<group>"; };
		C74C9E06244D6ADE0056891A /* SkillsTableViewCell.swift */ = {isa = PBXFileReference; lastKnownFileType = sourcecode.swift; path = SkillsTableViewCell.swift; sourceTree = "<group>"; };
		C74C9E07244D6ADE0056891A /* SkillsTableViewCell.xib */ = {isa = PBXFileReference; lastKnownFileType = file.xib; path = SkillsTableViewCell.xib; sourceTree = "<group>"; };
		C74C9E10244D71BD0056891A /* WeaknessesDetailTableViewCell.xib */ = {isa = PBXFileReference; lastKnownFileType = file.xib; path = WeaknessesDetailTableViewCell.xib; sourceTree = "<group>"; };
		C74C9E14244D74C90056891A /* WeaknessesDetailViewModel.swift */ = {isa = PBXFileReference; lastKnownFileType = sourcecode.swift; path = WeaknessesDetailViewModel.swift; sourceTree = "<group>"; };
		C74CE583244E0B5600C2BF3A /* SkillsCellViewModel.swift */ = {isa = PBXFileReference; lastKnownFileType = sourcecode.swift; path = SkillsCellViewModel.swift; sourceTree = "<group>"; };
		C74CE585244E0BF500C2BF3A /* BaseCellViewModel.swift */ = {isa = PBXFileReference; lastKnownFileType = sourcecode.swift; path = BaseCellViewModel.swift; sourceTree = "<group>"; };
		C74CE589244E1F1000C2BF3A /* WeaknessesDetailTableViewCell.swift */ = {isa = PBXFileReference; lastKnownFileType = sourcecode.swift; path = WeaknessesDetailTableViewCell.swift; sourceTree = "<group>"; };
		C74CE58C244E356F00C2BF3A /* EvolutionTableViewCell.swift */ = {isa = PBXFileReference; lastKnownFileType = sourcecode.swift; path = EvolutionTableViewCell.swift; sourceTree = "<group>"; };
		C74CE58D244E356F00C2BF3A /* EvolutionTableViewCell.xib */ = {isa = PBXFileReference; lastKnownFileType = file.xib; path = EvolutionTableViewCell.xib; sourceTree = "<group>"; };
		C74CE590244E4E9D00C2BF3A /* EvolutionCellViewModel.swift */ = {isa = PBXFileReference; lastKnownFileType = sourcecode.swift; path = EvolutionCellViewModel.swift; sourceTree = "<group>"; };
		C74CE593244E639400C2BF3A /* ApiEvolutionPokemon.swift */ = {isa = PBXFileReference; lastKnownFileType = sourcecode.swift; path = ApiEvolutionPokemon.swift; sourceTree = "<group>"; };
		C74CE595244EBABC00C2BF3A /* ApiPokemonSpecies.swift */ = {isa = PBXFileReference; lastKnownFileType = sourcecode.swift; path = ApiPokemonSpecies.swift; sourceTree = "<group>"; };
		C74D1DCC244ABDCE008A5181 /* pokedex-app.app */ = {isa = PBXFileReference; explicitFileType = wrapper.application; includeInIndex = 0; path = "pokedex-app.app"; sourceTree = BUILT_PRODUCTS_DIR; };
		C74D1DCF244ABDCE008A5181 /* AppDelegate.swift */ = {isa = PBXFileReference; lastKnownFileType = sourcecode.swift; path = AppDelegate.swift; sourceTree = "<group>"; };
		C74D1DD1244ABDCE008A5181 /* SceneDelegate.swift */ = {isa = PBXFileReference; lastKnownFileType = sourcecode.swift; path = SceneDelegate.swift; sourceTree = "<group>"; };
		C74D1DD3244ABDCE008A5181 /* ViewController.swift */ = {isa = PBXFileReference; lastKnownFileType = sourcecode.swift; path = ViewController.swift; sourceTree = "<group>"; };
		C74D1DDB244ABDCF008A5181 /* Base */ = {isa = PBXFileReference; lastKnownFileType = file.storyboard; name = Base; path = Base.lproj/LaunchScreen.storyboard; sourceTree = "<group>"; };
		C74D1DDD244ABDCF008A5181 /* Info.plist */ = {isa = PBXFileReference; lastKnownFileType = text.plist.xml; path = Info.plist; sourceTree = "<group>"; };
		C74D1DE5244ACA7B008A5181 /* PokemonManager.swift */ = {isa = PBXFileReference; lastKnownFileType = sourcecode.swift; path = PokemonManager.swift; sourceTree = "<group>"; };
		C74D1DE9244ACCA9008A5181 /* ApiGenericList.swift */ = {isa = PBXFileReference; lastKnownFileType = sourcecode.swift; path = ApiGenericList.swift; sourceTree = "<group>"; };
		C74D1DEC244ACDF0008A5181 /* GeneralConstants.swift */ = {isa = PBXFileReference; lastKnownFileType = sourcecode.swift; path = GeneralConstants.swift; sourceTree = "<group>"; };
		C7503278244FECC7000460A0 /* MoveDetailTableViewCell.xib */ = {isa = PBXFileReference; lastKnownFileType = file.xib; path = MoveDetailTableViewCell.xib; sourceTree = "<group>"; };
		C750327B244FEE69000460A0 /* MoveDetailTableViewCell.swift */ = {isa = PBXFileReference; fileEncoding = 4; lastKnownFileType = sourcecode.swift; path = MoveDetailTableViewCell.swift; sourceTree = "<group>"; };
		C750327D244FF478000460A0 /* MoveDetailCellViewModel.swift */ = {isa = PBXFileReference; lastKnownFileType = sourcecode.swift; path = MoveDetailCellViewModel.swift; sourceTree = "<group>"; };
		C750327F244FF9D8000460A0 /* ApiPokemonDetail.swift */ = {isa = PBXFileReference; lastKnownFileType = sourcecode.swift; path = ApiPokemonDetail.swift; sourceTree = "<group>"; };
		C7503281244FFE85000460A0 /* ApiMoveDetail.swift */ = {isa = PBXFileReference; lastKnownFileType = sourcecode.swift; path = ApiMoveDetail.swift; sourceTree = "<group>"; };
		C750D73F244B47A400815FD0 /* PokError.swift */ = {isa = PBXFileReference; lastKnownFileType = sourcecode.swift; path = PokError.swift; sourceTree = "<group>"; };
		C750D745244B52D100815FD0 /* Assets.xcassets */ = {isa = PBXFileReference; lastKnownFileType = folder.assetcatalog; path = Assets.xcassets; sourceTree = "<group>"; };
		C750D74B244B55E900815FD0 /* Utilities.swift */ = {isa = PBXFileReference; lastKnownFileType = sourcecode.swift; path = Utilities.swift; sourceTree = "<group>"; };
		C750D74E244B595000815FD0 /* PokemonTableViewCell.swift */ = {isa = PBXFileReference; lastKnownFileType = sourcecode.swift; path = PokemonTableViewCell.swift; sourceTree = "<group>"; };
		C750D74F244B595000815FD0 /* PokemonTableViewCell.xib */ = {isa = PBXFileReference; lastKnownFileType = file.xib; path = PokemonTableViewCell.xib; sourceTree = "<group>"; };
		C750D756244B5D4A00815FD0 /* BaseCollectionViewCell.swift */ = {isa = PBXFileReference; lastKnownFileType = sourcecode.swift; path = BaseCollectionViewCell.swift; sourceTree = "<group>"; };
		C750D758244B5DA700815FD0 /* BaseTableViewCell.swift */ = {isa = PBXFileReference; lastKnownFileType = sourcecode.swift; path = BaseTableViewCell.swift; sourceTree = "<group>"; };
		C750D75C244B5E5100815FD0 /* PokemonListViewController.swift */ = {isa = PBXFileReference; lastKnownFileType = sourcecode.swift; path = PokemonListViewController.swift; sourceTree = "<group>"; };
		C750D75D244B5E5100815FD0 /* PokemonListViewController.xib */ = {isa = PBXFileReference; lastKnownFileType = file.xib; path = PokemonListViewController.xib; sourceTree = "<group>"; };
		C750D760244B5F4600815FD0 /* PokemonListViewModel.swift */ = {isa = PBXFileReference; lastKnownFileType = sourcecode.swift; path = PokemonListViewModel.swift; sourceTree = "<group>"; };
		C750D763244B615300815FD0 /* BaseViewController.swift */ = {isa = PBXFileReference; lastKnownFileType = sourcecode.swift; path = BaseViewController.swift; sourceTree = "<group>"; };
		C750D78A244B952300815FD0 /* AvenirLTStd-Medium.otf */ = {isa = PBXFileReference; lastKnownFileType = file; path = "AvenirLTStd-Medium.otf"; sourceTree = "<group>"; };
		C750D78B244B952300815FD0 /* AvenirLTStd-Book.otf */ = {isa = PBXFileReference; lastKnownFileType = file; path = "AvenirLTStd-Book.otf"; sourceTree = "<group>"; };
		C750D78C244B952300815FD0 /* AvenirLTStd-Roman.otf */ = {isa = PBXFileReference; lastKnownFileType = file; path = "AvenirLTStd-Roman.otf"; sourceTree = "<group>"; };
		C750D791244B9EB700815FD0 /* CollectionsExtension.swift */ = {isa = PBXFileReference; lastKnownFileType = sourcecode.swift; path = CollectionsExtension.swift; sourceTree = "<group>"; };
		C750D793244BD2CB00815FD0 /* ApiPokemonType.swift */ = {isa = PBXFileReference; lastKnownFileType = sourcecode.swift; path = ApiPokemonType.swift; sourceTree = "<group>"; };
		C750D796244CA7C500815FD0 /* WeaknessesPopOverViewController.swift */ = {isa = PBXFileReference; lastKnownFileType = sourcecode.swift; path = WeaknessesPopOverViewController.swift; sourceTree = "<group>"; };
		C750D797244CA7C500815FD0 /* WeaknessesPopOverViewController.xib */ = {isa = PBXFileReference; lastKnownFileType = file.xib; path = WeaknessesPopOverViewController.xib; sourceTree = "<group>"; };
		C750D79B244CA81F00815FD0 /*  WeaknessesPopOverViewModel.swift */ = {isa = PBXFileReference; lastKnownFileType = sourcecode.swift; path = " WeaknessesPopOverViewModel.swift"; sourceTree = "<group>"; };
		C750D79F244CF5B700815FD0 /* WeaknessesCollectionViewCell.swift */ = {isa = PBXFileReference; lastKnownFileType = sourcecode.swift; path = WeaknessesCollectionViewCell.swift; sourceTree = "<group>"; };
		C750D7A0244CF5B700815FD0 /* WeaknessesCollectionViewCell.xib */ = {isa = PBXFileReference; lastKnownFileType = file.xib; path = WeaknessesCollectionViewCell.xib; sourceTree = "<group>"; };
		C750D7A6244D0C7400815FD0 /* PokemonDetailViewController.swift */ = {isa = PBXFileReference; lastKnownFileType = sourcecode.swift; path = PokemonDetailViewController.swift; sourceTree = "<group>"; };
		C750D7A7244D0C7400815FD0 /* PokemonDetailViewController.xib */ = {isa = PBXFileReference; lastKnownFileType = file.xib; path = PokemonDetailViewController.xib; sourceTree = "<group>"; };
		C750D7AB244D0CAD00815FD0 /* PokemonDetailViewModel.swift */ = {isa = PBXFileReference; lastKnownFileType = sourcecode.swift; path = PokemonDetailViewModel.swift; sourceTree = "<group>"; };
/* End PBXFileReference section */

/* Begin PBXFrameworksBuildPhase section */
		C74D1DC9244ABDCE008A5181 /* Frameworks */ = {
			isa = PBXFrameworksBuildPhase;
			buildActionMask = 2147483647;
			files = (
				503BB7C21F1D21C59AEF6B3A /* Pods_pokedex_app.framework in Frameworks */,
			);
			runOnlyForDeploymentPostprocessing = 0;
		};
/* End PBXFrameworksBuildPhase section */

/* Begin PBXGroup section */
		0F0E386AF92D5329F28C9691 /* Pods */ = {
			isa = PBXGroup;
			children = (
				46BC007539AEAE2ABA140C0E /* Pods-pokedex-app.debug.xcconfig */,
				BD60CECA45251DBAE146A16A /* Pods-pokedex-app.release.xcconfig */,
			);
			path = Pods;
			sourceTree = "<group>";
		};
		C74C9E04244D64E70056891A /* Tables */ = {
			isa = PBXGroup;
			children = (
				C7503276244FEC9F000460A0 /* Move Detail */,
				C74CE58B244E2FDB00C2BF3A /* Evolution */,
				C74CE588244E167A00C2BF3A /* Weaknesses Detail */,
				C74C9E05244D6A9E0056891A /* Skills */,
			);
			path = Tables;
			sourceTree = "<group>";
		};
		C74C9E05244D6A9E0056891A /* Skills */ = {
			isa = PBXGroup;
			children = (
				C74C9E06244D6ADE0056891A /* SkillsTableViewCell.swift */,
				C74C9E07244D6ADE0056891A /* SkillsTableViewCell.xib */,
			);
			path = Skills;
			sourceTree = "<group>";
		};
		C74C9E13244D74120056891A /* Cellls */ = {
			isa = PBXGroup;
			children = (
				C74C9E14244D74C90056891A /* WeaknessesDetailViewModel.swift */,
				C74CE583244E0B5600C2BF3A /* SkillsCellViewModel.swift */,
				C74CE585244E0BF500C2BF3A /* BaseCellViewModel.swift */,
				C74CE590244E4E9D00C2BF3A /* EvolutionCellViewModel.swift */,
				C750327D244FF478000460A0 /* MoveDetailCellViewModel.swift */,
			);
			path = Cellls;
			sourceTree = "<group>";
		};
		C74CE587244E160900C2BF3A /* Global */ = {
			isa = PBXGroup;
			children = (
				C750D79D244CF57B00815FD0 /* Weaknesses */,
			);
			path = Global;
			sourceTree = "<group>";
		};
		C74CE588244E167A00C2BF3A /* Weaknesses Detail */ = {
			isa = PBXGroup;
			children = (
				C74CE589244E1F1000C2BF3A /* WeaknessesDetailTableViewCell.swift */,
				C74C9E10244D71BD0056891A /* WeaknessesDetailTableViewCell.xib */,
			);
			path = "Weaknesses Detail";
			sourceTree = "<group>";
		};
		C74CE58B244E2FDB00C2BF3A /* Evolution */ = {
			isa = PBXGroup;
			children = (
				C74CE58C244E356F00C2BF3A /* EvolutionTableViewCell.swift */,
				C74CE58D244E356F00C2BF3A /* EvolutionTableViewCell.xib */,
			);
			path = Evolution;
			sourceTree = "<group>";
		};
		C74D1DC3244ABDCE008A5181 = {
			isa = PBXGroup;
			children = (
				C74D1DCE244ABDCE008A5181 /* pokedex-app */,
				C74D1DCD244ABDCE008A5181 /* Products */,
				0F0E386AF92D5329F28C9691 /* Pods */,
				FD3677E87A062D00939F0E09 /* Frameworks */,
			);
			sourceTree = "<group>";
		};
		C74D1DCD244ABDCE008A5181 /* Products */ = {
			isa = PBXGroup;
			children = (
				C74D1DCC244ABDCE008A5181 /* pokedex-app.app */,
			);
			name = Products;
			sourceTree = "<group>";
		};
		C74D1DCE244ABDCE008A5181 /* pokedex-app */ = {
			isa = PBXGroup;
			children = (
				C750D74D244B58FE00815FD0 /* Cells */,
				C74D1DEB244ACDC8008A5181 /* Constants */,
				C750D790244B9E6C00815FD0 /* Extensions */,
				C74D1DE4244ACA65008A5181 /* Managers */,
				C74D1DE7244ACAFD008A5181 /* Models */,
				C750D744244B52CB00815FD0 /* Resources */,
				C750D749244B55AE00815FD0 /* Utilities */,
				C750D747244B556C00815FD0 /* View Controllers */,
				C750D748244B558E00815FD0 /* View Models */,
				C74D1DCF244ABDCE008A5181 /* AppDelegate.swift */,
				C74D1DD1244ABDCE008A5181 /* SceneDelegate.swift */,
				C74D1DD3244ABDCE008A5181 /* ViewController.swift */,
				C74D1DDA244ABDCF008A5181 /* LaunchScreen.storyboard */,
				C74D1DDD244ABDCF008A5181 /* Info.plist */,
			);
			path = "pokedex-app";
			sourceTree = "<group>";
		};
		C74D1DE4244ACA65008A5181 /* Managers */ = {
			isa = PBXGroup;
			children = (
				C74D1DE5244ACA7B008A5181 /* PokemonManager.swift */,
			);
			path = Managers;
			sourceTree = "<group>";
		};
		C74D1DE7244ACAFD008A5181 /* Models */ = {
			isa = PBXGroup;
			children = (
				C74D1DE8244ACB28008A5181 /* Decodable */,
				C750D73F244B47A400815FD0 /* PokError.swift */,
			);
			path = Models;
			sourceTree = "<group>";
		};
		C74D1DE8244ACB28008A5181 /* Decodable */ = {
			isa = PBXGroup;
			children = (
				C74D1DE9244ACCA9008A5181 /* ApiGenericList.swift */,
				C750D793244BD2CB00815FD0 /* ApiPokemonType.swift */,
				C74CE593244E639400C2BF3A /* ApiEvolutionPokemon.swift */,
				C74CE595244EBABC00C2BF3A /* ApiPokemonSpecies.swift */,
				C750327F244FF9D8000460A0 /* ApiPokemonDetail.swift */,
				C7503281244FFE85000460A0 /* ApiMoveDetail.swift */,
			);
			path = Decodable;
			sourceTree = "<group>";
		};
		C74D1DEB244ACDC8008A5181 /* Constants */ = {
			isa = PBXGroup;
			children = (
				C74D1DEC244ACDF0008A5181 /* GeneralConstants.swift */,
			);
			path = Constants;
			sourceTree = "<group>";
		};
		C7503276244FEC9F000460A0 /* Move Detail */ = {
			isa = PBXGroup;
			children = (
				C750327B244FEE69000460A0 /* MoveDetailTableViewCell.swift */,
				C7503278244FECC7000460A0 /* MoveDetailTableViewCell.xib */,
			);
			path = "Move Detail";
			sourceTree = "<group>";
		};
		C750D744244B52CB00815FD0 /* Resources */ = {
			isa = PBXGroup;
			children = (
				C750D785244B945500815FD0 /* Fonts */,
				C750D745244B52D100815FD0 /* Assets.xcassets */,
			);
			path = Resources;
			sourceTree = "<group>";
		};
		C750D747244B556C00815FD0 /* View Controllers */ = {
			isa = PBXGroup;
			children = (
				C750D762244B614600815FD0 /* Base */,
				C750D7A3244D0C0800815FD0 /* Pokemon Detail */,
				C750D75A244B5E0200815FD0 /* Pokemon List */,
				C750D795244CA74600815FD0 /* Weaknesses PopOver */,
			);
			path = "View Controllers";
			sourceTree = "<group>";
		};
		C750D748244B558E00815FD0 /* View Models */ = {
			isa = PBXGroup;
			children = (
				C74C9E13244D74120056891A /* Cellls */,
				C750D79A244CA80200815FD0 /*  Weaknesses PopOver */,
				C750D7AA244D0C8700815FD0 /* Pokemon Detail */,
				C750D75B244B5E2900815FD0 /* Pokemon List */,
			);
			path = "View Models";
			sourceTree = "<group>";
		};
		C750D749244B55AE00815FD0 /* Utilities */ = {
			isa = PBXGroup;
			children = (
				C750D74B244B55E900815FD0 /* Utilities.swift */,
			);
			path = Utilities;
			sourceTree = "<group>";
		};
		C750D74D244B58FE00815FD0 /* Cells */ = {
			isa = PBXGroup;
			children = (
				C74CE587244E160900C2BF3A /* Global */,
				C750D755244B5D3000815FD0 /* Base Cell */,
				C750D753244B59C300815FD0 /* Pokemon Detail */,
				C750D752244B59B300815FD0 /* Pokemon List */,
			);
			path = Cells;
			sourceTree = "<group>";
		};
		C750D752244B59B300815FD0 /* Pokemon List */ = {
			isa = PBXGroup;
			children = (
				C750D754244B59D000815FD0 /* Tables */,
			);
			path = "Pokemon List";
			sourceTree = "<group>";
		};
		C750D753244B59C300815FD0 /* Pokemon Detail */ = {
			isa = PBXGroup;
			children = (
				C74C9E04244D64E70056891A /* Tables */,
			);
			path = "Pokemon Detail";
			sourceTree = "<group>";
		};
		C750D754244B59D000815FD0 /* Tables */ = {
			isa = PBXGroup;
			children = (
				C750D74E244B595000815FD0 /* PokemonTableViewCell.swift */,
				C750D74F244B595000815FD0 /* PokemonTableViewCell.xib */,
			);
			path = Tables;
			sourceTree = "<group>";
		};
		C750D755244B5D3000815FD0 /* Base Cell */ = {
			isa = PBXGroup;
			children = (
				C750D756244B5D4A00815FD0 /* BaseCollectionViewCell.swift */,
				C750D758244B5DA700815FD0 /* BaseTableViewCell.swift */,
			);
			path = "Base Cell";
			sourceTree = "<group>";
		};
		C750D75A244B5E0200815FD0 /* Pokemon List */ = {
			isa = PBXGroup;
			children = (
				C750D75C244B5E5100815FD0 /* PokemonListViewController.swift */,
				C750D75D244B5E5100815FD0 /* PokemonListViewController.xib */,
			);
			path = "Pokemon List";
			sourceTree = "<group>";
		};
		C750D75B244B5E2900815FD0 /* Pokemon List */ = {
			isa = PBXGroup;
			children = (
				C750D760244B5F4600815FD0 /* PokemonListViewModel.swift */,
			);
			path = "Pokemon List";
			sourceTree = "<group>";
		};
		C750D762244B614600815FD0 /* Base */ = {
			isa = PBXGroup;
			children = (
				C750D763244B615300815FD0 /* BaseViewController.swift */,
			);
			path = Base;
			sourceTree = "<group>";
		};
		C750D785244B945500815FD0 /* Fonts */ = {
			isa = PBXGroup;
			children = (
				C750D786244B950200815FD0 /* Avenir */,
			);
			path = Fonts;
			sourceTree = "<group>";
		};
		C750D786244B950200815FD0 /* Avenir */ = {
			isa = PBXGroup;
			children = (
				C750D78B244B952300815FD0 /* AvenirLTStd-Book.otf */,
				C750D78A244B952300815FD0 /* AvenirLTStd-Medium.otf */,
				C750D78C244B952300815FD0 /* AvenirLTStd-Roman.otf */,
			);
			path = Avenir;
			sourceTree = "<group>";
		};
		C750D790244B9E6C00815FD0 /* Extensions */ = {
			isa = PBXGroup;
			children = (
				C750D791244B9EB700815FD0 /* CollectionsExtension.swift */,
			);
			path = Extensions;
			sourceTree = "<group>";
		};
		C750D795244CA74600815FD0 /* Weaknesses PopOver */ = {
			isa = PBXGroup;
			children = (
				C750D796244CA7C500815FD0 /* WeaknessesPopOverViewController.swift */,
				C750D797244CA7C500815FD0 /* WeaknessesPopOverViewController.xib */,
			);
			path = "Weaknesses PopOver";
			sourceTree = "<group>";
		};
		C750D79A244CA80200815FD0 /*  Weaknesses PopOver */ = {
			isa = PBXGroup;
			children = (
				C750D79B244CA81F00815FD0 /*  WeaknessesPopOverViewModel.swift */,
			);
			path = " Weaknesses PopOver";
			sourceTree = "<group>";
		};
		C750D79D244CF57B00815FD0 /* Weaknesses */ = {
			isa = PBXGroup;
			children = (
				C750D79E244CF59100815FD0 /* Collections */,
			);
			path = Weaknesses;
			sourceTree = "<group>";
		};
		C750D79E244CF59100815FD0 /* Collections */ = {
			isa = PBXGroup;
			children = (
				C750D79F244CF5B700815FD0 /* WeaknessesCollectionViewCell.swift */,
				C750D7A0244CF5B700815FD0 /* WeaknessesCollectionViewCell.xib */,
			);
			path = Collections;
			sourceTree = "<group>";
		};
		C750D7A3244D0C0800815FD0 /* Pokemon Detail */ = {
			isa = PBXGroup;
			children = (
				C750D7A6244D0C7400815FD0 /* PokemonDetailViewController.swift */,
				C750D7A7244D0C7400815FD0 /* PokemonDetailViewController.xib */,
			);
			path = "Pokemon Detail";
			sourceTree = "<group>";
		};
		C750D7AA244D0C8700815FD0 /* Pokemon Detail */ = {
			isa = PBXGroup;
			children = (
				C750D7AB244D0CAD00815FD0 /* PokemonDetailViewModel.swift */,
			);
			path = "Pokemon Detail";
			sourceTree = "<group>";
		};
		FD3677E87A062D00939F0E09 /* Frameworks */ = {
			isa = PBXGroup;
			children = (
				5817304F629D294AAA81494D /* Pods_pokedex_app.framework */,
			);
			name = Frameworks;
			sourceTree = "<group>";
		};
/* End PBXGroup section */

/* Begin PBXNativeTarget section */
		C74D1DCB244ABDCE008A5181 /* pokedex-app */ = {
			isa = PBXNativeTarget;
			buildConfigurationList = C74D1DE0244ABDCF008A5181 /* Build configuration list for PBXNativeTarget "pokedex-app" */;
			buildPhases = (
				782822E5B398E0D5927646C8 /* [CP] Check Pods Manifest.lock */,
				C74D1DC8244ABDCE008A5181 /* Sources */,
				C74D1DC9244ABDCE008A5181 /* Frameworks */,
				C74D1DCA244ABDCE008A5181 /* Resources */,
				D690C79BC1F6608ACF44C900 /* [CP] Embed Pods Frameworks */,
			);
			buildRules = (
			);
			dependencies = (
			);
			name = "pokedex-app";
			productName = "pokedex-app";
			productReference = C74D1DCC244ABDCE008A5181 /* pokedex-app.app */;
			productType = "com.apple.product-type.application";
		};
/* End PBXNativeTarget section */

/* Begin PBXProject section */
		C74D1DC4244ABDCE008A5181 /* Project object */ = {
			isa = PBXProject;
			attributes = {
				LastSwiftUpdateCheck = 1130;
				LastUpgradeCheck = 1130;
				ORGANIZATIONNAME = "German Gomez";
				TargetAttributes = {
					C74D1DCB244ABDCE008A5181 = {
						CreatedOnToolsVersion = 11.3;
					};
				};
			};
			buildConfigurationList = C74D1DC7244ABDCE008A5181 /* Build configuration list for PBXProject "pokedex-app" */;
			compatibilityVersion = "Xcode 9.3";
			developmentRegion = en;
			hasScannedForEncodings = 0;
			knownRegions = (
				en,
				Base,
			);
			mainGroup = C74D1DC3244ABDCE008A5181;
			productRefGroup = C74D1DCD244ABDCE008A5181 /* Products */;
			projectDirPath = "";
			projectRoot = "";
			targets = (
				C74D1DCB244ABDCE008A5181 /* pokedex-app */,
			);
		};
/* End PBXProject section */

/* Begin PBXResourcesBuildPhase section */
		C74D1DCA244ABDCE008A5181 /* Resources */ = {
			isa = PBXResourcesBuildPhase;
			buildActionMask = 2147483647;
			files = (
				C74D1DDC244ABDCF008A5181 /* LaunchScreen.storyboard in Resources */,
				C750D751244B595000815FD0 /* PokemonTableViewCell.xib in Resources */,
				C750D78D244B952300815FD0 /* AvenirLTStd-Medium.otf in Resources */,
				C750D78E244B952300815FD0 /* AvenirLTStd-Book.otf in Resources */,
				C750D78F244B952300815FD0 /* AvenirLTStd-Roman.otf in Resources */,
				C750D746244B52D100815FD0 /* Assets.xcassets in Resources */,
				C74CE58F244E356F00C2BF3A /* EvolutionTableViewCell.xib in Resources */,
				C750327A244FECC7000460A0 /* MoveDetailTableViewCell.xib in Resources */,
				C74C9E09244D6ADE0056891A /* SkillsTableViewCell.xib in Resources */,
				C750D75F244B5E5100815FD0 /* PokemonListViewController.xib in Resources */,
				C74C9E12244D71BD0056891A /* WeaknessesDetailTableViewCell.xib in Resources */,
				C750D799244CA7C500815FD0 /* WeaknessesPopOverViewController.xib in Resources */,
				C750D7A2244CF5B700815FD0 /* WeaknessesCollectionViewCell.xib in Resources */,
				C750D7A9244D0C7400815FD0 /* PokemonDetailViewController.xib in Resources */,
			);
			runOnlyForDeploymentPostprocessing = 0;
		};
/* End PBXResourcesBuildPhase section */

/* Begin PBXShellScriptBuildPhase section */
		782822E5B398E0D5927646C8 /* [CP] Check Pods Manifest.lock */ = {
			isa = PBXShellScriptBuildPhase;
			buildActionMask = 2147483647;
			files = (
			);
			inputFileListPaths = (
			);
			inputPaths = (
				"${PODS_PODFILE_DIR_PATH}/Podfile.lock",
				"${PODS_ROOT}/Manifest.lock",
			);
			name = "[CP] Check Pods Manifest.lock";
			outputFileListPaths = (
			);
			outputPaths = (
				"$(DERIVED_FILE_DIR)/Pods-pokedex-app-checkManifestLockResult.txt",
			);
			runOnlyForDeploymentPostprocessing = 0;
			shellPath = /bin/sh;
			shellScript = "diff \"${PODS_PODFILE_DIR_PATH}/Podfile.lock\" \"${PODS_ROOT}/Manifest.lock\" > /dev/null\nif [ $? != 0 ] ; then\n    # print error to STDERR\n    echo \"error: The sandbox is not in sync with the Podfile.lock. Run 'pod install' or update your CocoaPods installation.\" >&2\n    exit 1\nfi\n# This output is used by Xcode 'outputs' to avoid re-running this script phase.\necho \"SUCCESS\" > \"${SCRIPT_OUTPUT_FILE_0}\"\n";
			showEnvVarsInLog = 0;
		};
		D690C79BC1F6608ACF44C900 /* [CP] Embed Pods Frameworks */ = {
			isa = PBXShellScriptBuildPhase;
			buildActionMask = 2147483647;
			files = (
			);
			inputFileListPaths = (
				"${PODS_ROOT}/Target Support Files/Pods-pokedex-app/Pods-pokedex-app-frameworks-${CONFIGURATION}-input-files.xcfilelist",
			);
			name = "[CP] Embed Pods Frameworks";
			outputFileListPaths = (
				"${PODS_ROOT}/Target Support Files/Pods-pokedex-app/Pods-pokedex-app-frameworks-${CONFIGURATION}-output-files.xcfilelist",
			);
			runOnlyForDeploymentPostprocessing = 0;
			shellPath = /bin/sh;
			shellScript = "\"${PODS_ROOT}/Target Support Files/Pods-pokedex-app/Pods-pokedex-app-frameworks.sh\"\n";
			showEnvVarsInLog = 0;
		};
/* End PBXShellScriptBuildPhase section */

/* Begin PBXSourcesBuildPhase section */
		C74D1DC8244ABDCE008A5181 /* Sources */ = {
			isa = PBXSourcesBuildPhase;
			buildActionMask = 2147483647;
			files = (
				C750D750244B595000815FD0 /* PokemonTableViewCell.swift in Sources */,
				C74CE58A244E1F1000C2BF3A /* WeaknessesDetailTableViewCell.swift in Sources */,
				C750D740244B47A400815FD0 /* PokError.swift in Sources */,
				C74C9E15244D74C90056891A /* WeaknessesDetailViewModel.swift in Sources */,
				C750D79C244CA81F00815FD0 /*  WeaknessesPopOverViewModel.swift in Sources */,
				C74D1DD4244ABDCE008A5181 /* ViewController.swift in Sources */,
				C74D1DD0244ABDCE008A5181 /* AppDelegate.swift in Sources */,
				C750327C244FEE69000460A0 /* MoveDetailTableViewCell.swift in Sources */,
				C74CE596244EBABC00C2BF3A /* ApiPokemonSpecies.swift in Sources */,
				C74C9E08244D6ADE0056891A /* SkillsTableViewCell.swift in Sources */,
				C74CE594244E639400C2BF3A /* ApiEvolutionPokemon.swift in Sources */,
				C750D794244BD2CB00815FD0 /* ApiPokemonType.swift in Sources */,
				C750D792244B9EB700815FD0 /* CollectionsExtension.swift in Sources */,
				C74CE58E244E356F00C2BF3A /* EvolutionTableViewCell.swift in Sources */,
				C750327E244FF478000460A0 /* MoveDetailCellViewModel.swift in Sources */,
				C74D1DEA244ACCA9008A5181 /* ApiGenericList.swift in Sources */,
				C750D764244B615300815FD0 /* BaseViewController.swift in Sources */,
				C750D761244B5F4600815FD0 /* PokemonListViewModel.swift in Sources */,
				C750D759244B5DA700815FD0 /* BaseTableViewCell.swift in Sources */,
				C750D7AC244D0CAD00815FD0 /* PokemonDetailViewModel.swift in Sources */,
				C7503280244FF9D8000460A0 /* ApiPokemonDetail.swift in Sources */,
				C74CE584244E0B5600C2BF3A /* SkillsCellViewModel.swift in Sources */,
				C750D757244B5D4A00815FD0 /* BaseCollectionViewCell.swift in Sources */,
				C74D1DD2244ABDCE008A5181 /* SceneDelegate.swift in Sources */,
				C7503282244FFE85000460A0 /* ApiMoveDetail.swift in Sources */,
				C750D7A1244CF5B700815FD0 /* WeaknessesCollectionViewCell.swift in Sources */,
				C74CE591244E4E9D00C2BF3A /* EvolutionCellViewModel.swift in Sources */,
				C74D1DED244ACDF0008A5181 /* GeneralConstants.swift in Sources */,
				C74CE586244E0BF500C2BF3A /* BaseCellViewModel.swift in Sources */,
				C750D74C244B55E900815FD0 /* Utilities.swift in Sources */,
				C750D75E244B5E5100815FD0 /* PokemonListViewController.swift in Sources */,
				C750D7A8244D0C7400815FD0 /* PokemonDetailViewController.swift in Sources */,
				C74D1DE6244ACA7B008A5181 /* PokemonManager.swift in Sources */,
				C750D798244CA7C500815FD0 /* WeaknessesPopOverViewController.swift in Sources */,
			);
			runOnlyForDeploymentPostprocessing = 0;
		};
/* End PBXSourcesBuildPhase section */

/* Begin PBXVariantGroup section */
		C74D1DDA244ABDCF008A5181 /* LaunchScreen.storyboard */ = {
			isa = PBXVariantGroup;
			children = (
				C74D1DDB244ABDCF008A5181 /* Base */,
			);
			name = LaunchScreen.storyboard;
			sourceTree = "<group>";
		};
/* End PBXVariantGroup section */

/* Begin XCBuildConfiguration section */
		C74D1DDE244ABDCF008A5181 /* Debug */ = {
			isa = XCBuildConfiguration;
			buildSettings = {
				ALWAYS_SEARCH_USER_PATHS = NO;
				CLANG_ANALYZER_NONNULL = YES;
				CLANG_ANALYZER_NUMBER_OBJECT_CONVERSION = YES_AGGRESSIVE;
				CLANG_CXX_LANGUAGE_STANDARD = "gnu++14";
				CLANG_CXX_LIBRARY = "libc++";
				CLANG_ENABLE_MODULES = YES;
				CLANG_ENABLE_OBJC_ARC = YES;
				CLANG_ENABLE_OBJC_WEAK = YES;
				CLANG_WARN_BLOCK_CAPTURE_AUTORELEASING = YES;
				CLANG_WARN_BOOL_CONVERSION = YES;
				CLANG_WARN_COMMA = YES;
				CLANG_WARN_CONSTANT_CONVERSION = YES;
				CLANG_WARN_DEPRECATED_OBJC_IMPLEMENTATIONS = YES;
				CLANG_WARN_DIRECT_OBJC_ISA_USAGE = YES_ERROR;
				CLANG_WARN_DOCUMENTATION_COMMENTS = YES;
				CLANG_WARN_EMPTY_BODY = YES;
				CLANG_WARN_ENUM_CONVERSION = YES;
				CLANG_WARN_INFINITE_RECURSION = YES;
				CLANG_WARN_INT_CONVERSION = YES;
				CLANG_WARN_NON_LITERAL_NULL_CONVERSION = YES;
				CLANG_WARN_OBJC_IMPLICIT_RETAIN_SELF = YES;
				CLANG_WARN_OBJC_LITERAL_CONVERSION = YES;
				CLANG_WARN_OBJC_ROOT_CLASS = YES_ERROR;
				CLANG_WARN_RANGE_LOOP_ANALYSIS = YES;
				CLANG_WARN_STRICT_PROTOTYPES = YES;
				CLANG_WARN_SUSPICIOUS_MOVE = YES;
				CLANG_WARN_UNGUARDED_AVAILABILITY = YES_AGGRESSIVE;
				CLANG_WARN_UNREACHABLE_CODE = YES;
				CLANG_WARN__DUPLICATE_METHOD_MATCH = YES;
				COPY_PHASE_STRIP = NO;
				DEBUG_INFORMATION_FORMAT = dwarf;
				ENABLE_STRICT_OBJC_MSGSEND = YES;
				ENABLE_TESTABILITY = YES;
				GCC_C_LANGUAGE_STANDARD = gnu11;
				GCC_DYNAMIC_NO_PIC = NO;
				GCC_NO_COMMON_BLOCKS = YES;
				GCC_OPTIMIZATION_LEVEL = 0;
				GCC_PREPROCESSOR_DEFINITIONS = (
					"DEBUG=1",
					"$(inherited)",
				);
				GCC_WARN_64_TO_32_BIT_CONVERSION = YES;
				GCC_WARN_ABOUT_RETURN_TYPE = YES_ERROR;
				GCC_WARN_UNDECLARED_SELECTOR = YES;
				GCC_WARN_UNINITIALIZED_AUTOS = YES_AGGRESSIVE;
				GCC_WARN_UNUSED_FUNCTION = YES;
				GCC_WARN_UNUSED_VARIABLE = YES;
				IPHONEOS_DEPLOYMENT_TARGET = 13.2;
				MTL_ENABLE_DEBUG_INFO = INCLUDE_SOURCE;
				MTL_FAST_MATH = YES;
				ONLY_ACTIVE_ARCH = YES;
				SDKROOT = iphoneos;
				SWIFT_ACTIVE_COMPILATION_CONDITIONS = DEBUG;
				SWIFT_OPTIMIZATION_LEVEL = "-Onone";
			};
			name = Debug;
		};
		C74D1DDF244ABDCF008A5181 /* Release */ = {
			isa = XCBuildConfiguration;
			buildSettings = {
				ALWAYS_SEARCH_USER_PATHS = NO;
				CLANG_ANALYZER_NONNULL = YES;
				CLANG_ANALYZER_NUMBER_OBJECT_CONVERSION = YES_AGGRESSIVE;
				CLANG_CXX_LANGUAGE_STANDARD = "gnu++14";
				CLANG_CXX_LIBRARY = "libc++";
				CLANG_ENABLE_MODULES = YES;
				CLANG_ENABLE_OBJC_ARC = YES;
				CLANG_ENABLE_OBJC_WEAK = YES;
				CLANG_WARN_BLOCK_CAPTURE_AUTORELEASING = YES;
				CLANG_WARN_BOOL_CONVERSION = YES;
				CLANG_WARN_COMMA = YES;
				CLANG_WARN_CONSTANT_CONVERSION = YES;
				CLANG_WARN_DEPRECATED_OBJC_IMPLEMENTATIONS = YES;
				CLANG_WARN_DIRECT_OBJC_ISA_USAGE = YES_ERROR;
				CLANG_WARN_DOCUMENTATION_COMMENTS = YES;
				CLANG_WARN_EMPTY_BODY = YES;
				CLANG_WARN_ENUM_CONVERSION = YES;
				CLANG_WARN_INFINITE_RECURSION = YES;
				CLANG_WARN_INT_CONVERSION = YES;
				CLANG_WARN_NON_LITERAL_NULL_CONVERSION = YES;
				CLANG_WARN_OBJC_IMPLICIT_RETAIN_SELF = YES;
				CLANG_WARN_OBJC_LITERAL_CONVERSION = YES;
				CLANG_WARN_OBJC_ROOT_CLASS = YES_ERROR;
				CLANG_WARN_RANGE_LOOP_ANALYSIS = YES;
				CLANG_WARN_STRICT_PROTOTYPES = YES;
				CLANG_WARN_SUSPICIOUS_MOVE = YES;
				CLANG_WARN_UNGUARDED_AVAILABILITY = YES_AGGRESSIVE;
				CLANG_WARN_UNREACHABLE_CODE = YES;
				CLANG_WARN__DUPLICATE_METHOD_MATCH = YES;
				COPY_PHASE_STRIP = NO;
				DEBUG_INFORMATION_FORMAT = "dwarf-with-dsym";
				ENABLE_NS_ASSERTIONS = NO;
				ENABLE_STRICT_OBJC_MSGSEND = YES;
				GCC_C_LANGUAGE_STANDARD = gnu11;
				GCC_NO_COMMON_BLOCKS = YES;
				GCC_WARN_64_TO_32_BIT_CONVERSION = YES;
				GCC_WARN_ABOUT_RETURN_TYPE = YES_ERROR;
				GCC_WARN_UNDECLARED_SELECTOR = YES;
				GCC_WARN_UNINITIALIZED_AUTOS = YES_AGGRESSIVE;
				GCC_WARN_UNUSED_FUNCTION = YES;
				GCC_WARN_UNUSED_VARIABLE = YES;
				IPHONEOS_DEPLOYMENT_TARGET = 13.2;
				MTL_ENABLE_DEBUG_INFO = NO;
				MTL_FAST_MATH = YES;
				SDKROOT = iphoneos;
				SWIFT_COMPILATION_MODE = wholemodule;
				SWIFT_OPTIMIZATION_LEVEL = "-O";
				VALIDATE_PRODUCT = YES;
			};
			name = Release;
		};
		C74D1DE1244ABDCF008A5181 /* Debug */ = {
			isa = XCBuildConfiguration;
			baseConfigurationReference = 46BC007539AEAE2ABA140C0E /* Pods-pokedex-app.debug.xcconfig */;
			buildSettings = {
				ASSETCATALOG_COMPILER_APPICON_NAME = AppIcon;
				CODE_SIGN_STYLE = Automatic;
				DEVELOPMENT_TEAM = 2JSRZR5V6B;
				INFOPLIST_FILE = "pokedex-app/Info.plist";
				LD_RUNPATH_SEARCH_PATHS = (
					"$(inherited)",
					"@executable_path/Frameworks",
				);
				PRODUCT_BUNDLE_IDENTIFIER = "com.test.prueba.pokedex-app";
				PRODUCT_NAME = "$(TARGET_NAME)";
				SWIFT_VERSION = 5.0;
				TARGETED_DEVICE_FAMILY = 1;
			};
			name = Debug;
		};
		C74D1DE2244ABDCF008A5181 /* Release */ = {
			isa = XCBuildConfiguration;
			baseConfigurationReference = BD60CECA45251DBAE146A16A /* Pods-pokedex-app.release.xcconfig */;
			buildSettings = {
				ASSETCATALOG_COMPILER_APPICON_NAME = AppIcon;
				CODE_SIGN_STYLE = Automatic;
				DEVELOPMENT_TEAM = 2JSRZR5V6B;
				INFOPLIST_FILE = "pokedex-app/Info.plist";
				LD_RUNPATH_SEARCH_PATHS = (
					"$(inherited)",
					"@executable_path/Frameworks",
				);
				PRODUCT_BUNDLE_IDENTIFIER = "com.test.prueba.pokedex-app";
				PRODUCT_NAME = "$(TARGET_NAME)";
				SWIFT_VERSION = 5.0;
				TARGETED_DEVICE_FAMILY = 1;
			};
			name = Release;
		};
/* End XCBuildConfiguration section */

/* Begin XCConfigurationList section */
		C74D1DC7244ABDCE008A5181 /* Build configuration list for PBXProject "pokedex-app" */ = {
			isa = XCConfigurationList;
			buildConfigurations = (
				C74D1DDE244ABDCF008A5181 /* Debug */,
				C74D1DDF244ABDCF008A5181 /* Release */,
			);
			defaultConfigurationIsVisible = 0;
			defaultConfigurationName = Release;
		};
		C74D1DE0244ABDCF008A5181 /* Build configuration list for PBXNativeTarget "pokedex-app" */ = {
			isa = XCConfigurationList;
			buildConfigurations = (
				C74D1DE1244ABDCF008A5181 /* Debug */,
				C74D1DE2244ABDCF008A5181 /* Release */,
			);
			defaultConfigurationIsVisible = 0;
			defaultConfigurationName = Release;
		};
/* End XCConfigurationList section */
	};
	rootObject = C74D1DC4244ABDCE008A5181 /* Project object */;
}
