// !$*UTF8*$!
{
	archiveVersion = 1;
	classes = {
	};
	objectVersion = 50;
	objects = {

/* Begin PBXBuildFile section */
		503BB7C21F1D21C59AEF6B3A /* Pods_pokedex_app.framework in Frameworks */ = {isa = PBXBuildFile; fileRef = 5817304F629D294AAA81494D /* Pods_pokedex_app.framework */; };
		C74D1DD0244ABDCE008A5181 /* AppDelegate.swift in Sources */ = {isa = PBXBuildFile; fileRef = C74D1DCF244ABDCE008A5181 /* AppDelegate.swift */; };
		C74D1DD2244ABDCE008A5181 /* SceneDelegate.swift in Sources */ = {isa = PBXBuildFile; fileRef = C74D1DD1244ABDCE008A5181 /* SceneDelegate.swift */; };
		C74D1DD4244ABDCE008A5181 /* ViewController.swift in Sources */ = {isa = PBXBuildFile; fileRef = C74D1DD3244ABDCE008A5181 /* ViewController.swift */; };
		C74D1DD7244ABDCE008A5181 /* Main.storyboard in Resources */ = {isa = PBXBuildFile; fileRef = C74D1DD5244ABDCE008A5181 /* Main.storyboard */; };
		C74D1DD9244ABDCF008A5181 /* Assets.xcassets in Resources */ = {isa = PBXBuildFile; fileRef = C74D1DD8244ABDCF008A5181 /* Assets.xcassets */; };
		C74D1DDC244ABDCF008A5181 /* LaunchScreen.storyboard in Resources */ = {isa = PBXBuildFile; fileRef = C74D1DDA244ABDCF008A5181 /* LaunchScreen.storyboard */; };
/* End PBXBuildFile section */

/* Begin PBXFileReference section */
		46BC007539AEAE2ABA140C0E /* Pods-pokedex-app.debug.xcconfig */ = {isa = PBXFileReference; includeInIndex = 1; lastKnownFileType = text.xcconfig; name = "Pods-pokedex-app.debug.xcconfig"; path = "Target Support Files/Pods-pokedex-app/Pods-pokedex-app.debug.xcconfig"; sourceTree = "<group>"; };
		5817304F629D294AAA81494D /* Pods_pokedex_app.framework */ = {isa = PBXFileReference; explicitFileType = wrapper.framework; includeInIndex = 0; path = Pods_pokedex_app.framework; sourceTree = BUILT_PRODUCTS_DIR; };
		BD60CECA45251DBAE146A16A /* Pods-pokedex-app.release.xcconfig */ = {isa = PBXFileReference; includeInIndex = 1; lastKnownFileType = text.xcconfig; name = "Pods-pokedex-app.release.xcconfig"; path = "Target Support Files/Pods-pokedex-app/Pods-pokedex-app.release.xcconfig"; sourceTree = "<group>"; };
		C74D1DCC244ABDCE008A5181 /* pokedex-app.app */ = {isa = PBXFileReference; explicitFileType = wrapper.application; includeInIndex = 0; path = "pokedex-app.app"; sourceTree = BUILT_PRODUCTS_DIR; };
		C74D1DCF244ABDCE008A5181 /* AppDelegate.swift */ = {isa = PBXFileReference; lastKnownFileType = sourcecode.swift; path = AppDelegate.swift; sourceTree = "<group>"; };
		C74D1DD1244ABDCE008A5181 /* SceneDelegate.swift */ = {isa = PBXFileReference; lastKnownFileType = sourcecode.swift; path = SceneDelegate.swift; sourceTree = "<group>"; };
		C74D1DD3244ABDCE008A5181 /* ViewController.swift */ = {isa = PBXFileReference; lastKnownFileType = sourcecode.swift; path = ViewController.swift; sourceTree = "<group>"; };
		C74D1DD6244ABDCE008A5181 /* Base */ = {isa = PBXFileReference; lastKnownFileType = file.storyboard; name = Base; path = Base.lproj/Main.storyboard; sourceTree = "<group>"; };
		C74D1DD8244ABDCF008A5181 /* Assets.xcassets */ = {isa = PBXFileReference; lastKnownFileType = folder.assetcatalog; path = Assets.xcassets; sourceTree = "<group>"; };
		C74D1DDB244ABDCF008A5181 /* Base */ = {isa = PBXFileReference; lastKnownFileType = file.storyboard; name = Base; path = Base.lproj/LaunchScreen.storyboard; sourceTree = "<group>"; };
		C74D1DDD244ABDCF008A5181 /* Info.plist */ = {isa = PBXFileReference; lastKnownFileType = text.plist.xml; path = Info.plist; sourceTree = "<group>"; };
/* End PBXFileReference section */

/* Begin PBXFrameworksBuildPhase section */
		C74D1DC9244ABDCE008A5181 /* Frameworks */ = {
			isa = PBXFrameworksBuildPhase;
			buildActionMask = 2147483647;
			files = (
				503BB7C21F1D21C59AEF6B3A /* Pods_pokedex_app.framework in Frameworks */,
			);
			runOnlyForDeploymentPostprocessing = 0;
		};
/* End PBXFrameworksBuildPhase section */

/* Begin PBXGroup section */
		0F0E386AF92D5329F28C9691 /* Pods */ = {
			isa = PBXGroup;
			children = (
				46BC007539AEAE2ABA140C0E /* Pods-pokedex-app.debug.xcconfig */,
				BD60CECA45251DBAE146A16A /* Pods-pokedex-app.release.xcconfig */,
			);
			path = Pods;
			sourceTree = "<group>";
		};
		C74D1DC3244ABDCE008A5181 = {
			isa = PBXGroup;
			children = (
				C74D1DCE244ABDCE008A5181 /* pokedex-app */,
				C74D1DCD244ABDCE008A5181 /* Products */,
				0F0E386AF92D5329F28C9691 /* Pods */,
				FD3677E87A062D00939F0E09 /* Frameworks */,
			);
			sourceTree = "<group>";
		};
		C74D1DCD244ABDCE008A5181 /* Products */ = {
			isa = PBXGroup;
			children = (
				C74D1DCC244ABDCE008A5181 /* pokedex-app.app */,
			);
			name = Products;
			sourceTree = "<group>";
		};
		C74D1DCE244ABDCE008A5181 /* pokedex-app */ = {
			isa = PBXGroup;
			children = (
				C74D1DE3244AC563008A5181 /* Resources */,
				C74D1DCF244ABDCE008A5181 /* AppDelegate.swift */,
				C74D1DD1244ABDCE008A5181 /* SceneDelegate.swift */,
				C74D1DD3244ABDCE008A5181 /* ViewController.swift */,
				C74D1DD5244ABDCE008A5181 /* Main.storyboard */,
				C74D1DDA244ABDCF008A5181 /* LaunchScreen.storyboard */,
				C74D1DDD244ABDCF008A5181 /* Info.plist */,
			);
			path = "pokedex-app";
			sourceTree = "<group>";
		};
		C74D1DE3244AC563008A5181 /* Resources */ = {
			isa = PBXGroup;
			children = (
				C74D1DD8244ABDCF008A5181 /* Assets.xcassets */,
			);
			path = Resources;
			sourceTree = "<group>";
		};
		FD3677E87A062D00939F0E09 /* Frameworks */ = {
			isa = PBXGroup;
			children = (
				5817304F629D294AAA81494D /* Pods_pokedex_app.framework */,
			);
			name = Frameworks;
			sourceTree = "<group>";
		};
/* End PBXGroup section */

/* Begin PBXNativeTarget section */
		C74D1DCB244ABDCE008A5181 /* pokedex-app */ = {
			isa = PBXNativeTarget;
			buildConfigurationList = C74D1DE0244ABDCF008A5181 /* Build configuration list for PBXNativeTarget "pokedex-app" */;
			buildPhases = (
				782822E5B398E0D5927646C8 /* [CP] Check Pods Manifest.lock */,
				C74D1DC8244ABDCE008A5181 /* Sources */,
				C74D1DC9244ABDCE008A5181 /* Frameworks */,
				C74D1DCA244ABDCE008A5181 /* Resources */,
			);
			buildRules = (
			);
			dependencies = (
			);
			name = "pokedex-app";
			productName = "pokedex-app";
			productReference = C74D1DCC244ABDCE008A5181 /* pokedex-app.app */;
			productType = "com.apple.product-type.application";
		};
/* End PBXNativeTarget section */

/* Begin PBXProject section */
		C74D1DC4244ABDCE008A5181 /* Project object */ = {
			isa = PBXProject;
			attributes = {
				LastSwiftUpdateCheck = 1130;
				LastUpgradeCheck = 1130;
				ORGANIZATIONNAME = "German Gomez";
				TargetAttributes = {
					C74D1DCB244ABDCE008A5181 = {
						CreatedOnToolsVersion = 11.3;
					};
				};
			};
			buildConfigurationList = C74D1DC7244ABDCE008A5181 /* Build configuration list for PBXProject "pokedex-app" */;
			compatibilityVersion = "Xcode 9.3";
			developmentRegion = en;
			hasScannedForEncodings = 0;
			knownRegions = (
				en,
				Base,
			);
			mainGroup = C74D1DC3244ABDCE008A5181;
			productRefGroup = C74D1DCD244ABDCE008A5181 /* Products */;
			projectDirPath = "";
			projectRoot = "";
			targets = (
				C74D1DCB244ABDCE008A5181 /* pokedex-app */,
			);
		};
/* End PBXProject section */

/* Begin PBXResourcesBuildPhase section */
		C74D1DCA244ABDCE008A5181 /* Resources */ = {
			isa = PBXResourcesBuildPhase;
			buildActionMask = 2147483647;
			files = (
				C74D1DDC244ABDCF008A5181 /* LaunchScreen.storyboard in Resources */,
				C74D1DD9244ABDCF008A5181 /* Assets.xcassets in Resources */,
				C74D1DD7244ABDCE008A5181 /* Main.storyboard in Resources */,
			);
			runOnlyForDeploymentPostprocessing = 0;
		};
/* End PBXResourcesBuildPhase section */

/* Begin PBXShellScriptBuildPhase section */
		782822E5B398E0D5927646C8 /* [CP] Check Pods Manifest.lock */ = {
			isa = PBXShellScriptBuildPhase;
			buildActionMask = 2147483647;
			files = (
			);
			inputFileListPaths = (
			);
			inputPaths = (
				"${PODS_PODFILE_DIR_PATH}/Podfile.lock",
				"${PODS_ROOT}/Manifest.lock",
			);
			name = "[CP] Check Pods Manifest.lock";
			outputFileListPaths = (
			);
			outputPaths = (
				"$(DERIVED_FILE_DIR)/Pods-pokedex-app-checkManifestLockResult.txt",
			);
			runOnlyForDeploymentPostprocessing = 0;
			shellPath = /bin/sh;
			shellScript = "diff \"${PODS_PODFILE_DIR_PATH}/Podfile.lock\" \"${PODS_ROOT}/Manifest.lock\" > /dev/null\nif [ $? != 0 ] ; then\n    # print error to STDERR\n    echo \"error: The sandbox is not in sync with the Podfile.lock. Run 'pod install' or update your CocoaPods installation.\" >&2\n    exit 1\nfi\n# This output is used by Xcode 'outputs' to avoid re-running this script phase.\necho \"SUCCESS\" > \"${SCRIPT_OUTPUT_FILE_0}\"\n";
			showEnvVarsInLog = 0;
		};
/* End PBXShellScriptBuildPhase section */

/* Begin PBXSourcesBuildPhase section */
		C74D1DC8244ABDCE008A5181 /* Sources */ = {
			isa = PBXSourcesBuildPhase;
			buildActionMask = 2147483647;
			files = (
				C74D1DD4244ABDCE008A5181 /* ViewController.swift in Sources */,
				C74D1DD0244ABDCE008A5181 /* AppDelegate.swift in Sources */,
				C74D1DD2244ABDCE008A5181 /* SceneDelegate.swift in Sources */,
			);
			runOnlyForDeploymentPostprocessing = 0;
		};
/* End PBXSourcesBuildPhase section */

/* Begin PBXVariantGroup section */
		C74D1DD5244ABDCE008A5181 /* Main.storyboard */ = {
			isa = PBXVariantGroup;
			children = (
				C74D1DD6244ABDCE008A5181 /* Base */,
			);
			name = Main.storyboard;
			sourceTree = "<group>";
		};
		C74D1DDA244ABDCF008A5181 /* LaunchScreen.storyboard */ = {
			isa = PBXVariantGroup;
			children = (
				C74D1DDB244ABDCF008A5181 /* Base */,
			);
			name = LaunchScreen.storyboard;
			sourceTree = "<group>";
		};
/* End PBXVariantGroup section */

/* Begin XCBuildConfiguration section */
		C74D1DDE244ABDCF008A5181 /* Debug */ = {
			isa = XCBuildConfiguration;
			buildSettings = {
				ALWAYS_SEARCH_USER_PATHS = NO;
				CLANG_ANALYZER_NONNULL = YES;
				CLANG_ANALYZER_NUMBER_OBJECT_CONVERSION = YES_AGGRESSIVE;
				CLANG_CXX_LANGUAGE_STANDARD = "gnu++14";
				CLANG_CXX_LIBRARY = "libc++";
				CLANG_ENABLE_MODULES = YES;
				CLANG_ENABLE_OBJC_ARC = YES;
				CLANG_ENABLE_OBJC_WEAK = YES;
				CLANG_WARN_BLOCK_CAPTURE_AUTORELEASING = YES;
				CLANG_WARN_BOOL_CONVERSION = YES;
				CLANG_WARN_COMMA = YES;
				CLANG_WARN_CONSTANT_CONVERSION = YES;
				CLANG_WARN_DEPRECATED_OBJC_IMPLEMENTATIONS = YES;
				CLANG_WARN_DIRECT_OBJC_ISA_USAGE = YES_ERROR;
				CLANG_WARN_DOCUMENTATION_COMMENTS = YES;
				CLANG_WARN_EMPTY_BODY = YES;
				CLANG_WARN_ENUM_CONVERSION = YES;
				CLANG_WARN_INFINITE_RECURSION = YES;
				CLANG_WARN_INT_CONVERSION = YES;
				CLANG_WARN_NON_LITERAL_NULL_CONVERSION = YES;
				CLANG_WARN_OBJC_IMPLICIT_RETAIN_SELF = YES;
				CLANG_WARN_OBJC_LITERAL_CONVERSION = YES;
				CLANG_WARN_OBJC_ROOT_CLASS = YES_ERROR;
				CLANG_WARN_RANGE_LOOP_ANALYSIS = YES;
				CLANG_WARN_STRICT_PROTOTYPES = YES;
				CLANG_WARN_SUSPICIOUS_MOVE = YES;
				CLANG_WARN_UNGUARDED_AVAILABILITY = YES_AGGRESSIVE;
				CLANG_WARN_UNREACHABLE_CODE = YES;
				CLANG_WARN__DUPLICATE_METHOD_MATCH = YES;
				COPY_PHASE_STRIP = NO;
				DEBUG_INFORMATION_FORMAT = dwarf;
				ENABLE_STRICT_OBJC_MSGSEND = YES;
				ENABLE_TESTABILITY = YES;
				GCC_C_LANGUAGE_STANDARD = gnu11;
				GCC_DYNAMIC_NO_PIC = NO;
				GCC_NO_COMMON_BLOCKS = YES;
				GCC_OPTIMIZATION_LEVEL = 0;
				GCC_PREPROCESSOR_DEFINITIONS = (
					"DEBUG=1",
					"$(inherited)",
				);
				GCC_WARN_64_TO_32_BIT_CONVERSION = YES;
				GCC_WARN_ABOUT_RETURN_TYPE = YES_ERROR;
				GCC_WARN_UNDECLARED_SELECTOR = YES;
				GCC_WARN_UNINITIALIZED_AUTOS = YES_AGGRESSIVE;
				GCC_WARN_UNUSED_FUNCTION = YES;
				GCC_WARN_UNUSED_VARIABLE = YES;
				IPHONEOS_DEPLOYMENT_TARGET = 13.2;
				MTL_ENABLE_DEBUG_INFO = INCLUDE_SOURCE;
				MTL_FAST_MATH = YES;
				ONLY_ACTIVE_ARCH = YES;
				SDKROOT = iphoneos;
				SWIFT_ACTIVE_COMPILATION_CONDITIONS = DEBUG;
				SWIFT_OPTIMIZATION_LEVEL = "-Onone";
			};
			name = Debug;
		};
		C74D1DDF244ABDCF008A5181 /* Release */ = {
			isa = XCBuildConfiguration;
			buildSettings = {
				ALWAYS_SEARCH_USER_PATHS = NO;
				CLANG_ANALYZER_NONNULL = YES;
				CLANG_ANALYZER_NUMBER_OBJECT_CONVERSION = YES_AGGRESSIVE;
				CLANG_CXX_LANGUAGE_STANDARD = "gnu++14";
				CLANG_CXX_LIBRARY = "libc++";
				CLANG_ENABLE_MODULES = YES;
				CLANG_ENABLE_OBJC_ARC = YES;
				CLANG_ENABLE_OBJC_WEAK = YES;
				CLANG_WARN_BLOCK_CAPTURE_AUTORELEASING = YES;
				CLANG_WARN_BOOL_CONVERSION = YES;
				CLANG_WARN_COMMA = YES;
				CLANG_WARN_CONSTANT_CONVERSION = YES;
				CLANG_WARN_DEPRECATED_OBJC_IMPLEMENTATIONS = YES;
				CLANG_WARN_DIRECT_OBJC_ISA_USAGE = YES_ERROR;
				CLANG_WARN_DOCUMENTATION_COMMENTS = YES;
				CLANG_WARN_EMPTY_BODY = YES;
				CLANG_WARN_ENUM_CONVERSION = YES;
				CLANG_WARN_INFINITE_RECURSION = YES;
				CLANG_WARN_INT_CONVERSION = YES;
				CLANG_WARN_NON_LITERAL_NULL_CONVERSION = YES;
				CLANG_WARN_OBJC_IMPLICIT_RETAIN_SELF = YES;
				CLANG_WARN_OBJC_LITERAL_CONVERSION = YES;
				CLANG_WARN_OBJC_ROOT_CLASS = YES_ERROR;
				CLANG_WARN_RANGE_LOOP_ANALYSIS = YES;
				CLANG_WARN_STRICT_PROTOTYPES = YES;
				CLANG_WARN_SUSPICIOUS_MOVE = YES;
				CLANG_WARN_UNGUARDED_AVAILABILITY = YES_AGGRESSIVE;
				CLANG_WARN_UNREACHABLE_CODE = YES;
				CLANG_WARN__DUPLICATE_METHOD_MATCH = YES;
				COPY_PHASE_STRIP = NO;
				DEBUG_INFORMATION_FORMAT = "dwarf-with-dsym";
				ENABLE_NS_ASSERTIONS = NO;
				ENABLE_STRICT_OBJC_MSGSEND = YES;
				GCC_C_LANGUAGE_STANDARD = gnu11;
				GCC_NO_COMMON_BLOCKS = YES;
				GCC_WARN_64_TO_32_BIT_CONVERSION = YES;
				GCC_WARN_ABOUT_RETURN_TYPE = YES_ERROR;
				GCC_WARN_UNDECLARED_SELECTOR = YES;
				GCC_WARN_UNINITIALIZED_AUTOS = YES_AGGRESSIVE;
				GCC_WARN_UNUSED_FUNCTION = YES;
				GCC_WARN_UNUSED_VARIABLE = YES;
				IPHONEOS_DEPLOYMENT_TARGET = 13.2;
				MTL_ENABLE_DEBUG_INFO = NO;
				MTL_FAST_MATH = YES;
				SDKROOT = iphoneos;
				SWIFT_COMPILATION_MODE = wholemodule;
				SWIFT_OPTIMIZATION_LEVEL = "-O";
				VALIDATE_PRODUCT = YES;
			};
			name = Release;
		};
		C74D1DE1244ABDCF008A5181 /* Debug */ = {
			isa = XCBuildConfiguration;
			baseConfigurationReference = 46BC007539AEAE2ABA140C0E /* Pods-pokedex-app.debug.xcconfig */;
			buildSettings = {
				ASSETCATALOG_COMPILER_APPICON_NAME = AppIcon;
				CODE_SIGN_STYLE = Automatic;
				DEVELOPMENT_TEAM = 2JSRZR5V6B;
				INFOPLIST_FILE = "pokedex-app/Info.plist";
				LD_RUNPATH_SEARCH_PATHS = (
					"$(inherited)",
					"@executable_path/Frameworks",
				);
				PRODUCT_BUNDLE_IDENTIFIER = "com.test.prueba.pokedex-app";
				PRODUCT_NAME = "$(TARGET_NAME)";
				SWIFT_VERSION = 5.0;
				TARGETED_DEVICE_FAMILY = "1,2";
			};
			name = Debug;
		};
		C74D1DE2244ABDCF008A5181 /* Release */ = {
			isa = XCBuildConfiguration;
			baseConfigurationReference = BD60CECA45251DBAE146A16A /* Pods-pokedex-app.release.xcconfig */;
			buildSettings = {
				ASSETCATALOG_COMPILER_APPICON_NAME = AppIcon;
				CODE_SIGN_STYLE = Automatic;
				DEVELOPMENT_TEAM = 2JSRZR5V6B;
				INFOPLIST_FILE = "pokedex-app/Info.plist";
				LD_RUNPATH_SEARCH_PATHS = (
					"$(inherited)",
					"@executable_path/Frameworks",
				);
				PRODUCT_BUNDLE_IDENTIFIER = "com.test.prueba.pokedex-app";
				PRODUCT_NAME = "$(TARGET_NAME)";
				SWIFT_VERSION = 5.0;
				TARGETED_DEVICE_FAMILY = "1,2";
			};
			name = Release;
		};
/* End XCBuildConfiguration section */

/* Begin XCConfigurationList section */
		C74D1DC7244ABDCE008A5181 /* Build configuration list for PBXProject "pokedex-app" */ = {
			isa = XCConfigurationList;
			buildConfigurations = (
				C74D1DDE244ABDCF008A5181 /* Debug */,
				C74D1DDF244ABDCF008A5181 /* Release */,
			);
			defaultConfigurationIsVisible = 0;
			defaultConfigurationName = Release;
		};
		C74D1DE0244ABDCF008A5181 /* Build configuration list for PBXNativeTarget "pokedex-app" */ = {
			isa = XCConfigurationList;
			buildConfigurations = (
				C74D1DE1244ABDCF008A5181 /* Debug */,
				C74D1DE2244ABDCF008A5181 /* Release */,
			);
			defaultConfigurationIsVisible = 0;
			defaultConfigurationName = Release;
		};
/* End XCConfigurationList section */
	};
	rootObject = C74D1DC4244ABDCE008A5181 /* Project object */;
}
